<?xml version="1.0" encoding="UTF-8"?>
<Scheme
   LastUpgradeVersion = "0700"
   version = "2.0">
   <BuildAction
      parallelizeBuildables = "YES"
      buildImplicitDependencies = "YES">
      <BuildActionEntries>
         <BuildActionEntry
            buildForTesting = "YES"
            buildForRunning = "YES"
            buildForProfiling = "YES"
            buildForArchiving = "YES"
            buildForAnalyzing = "YES">
            <BuildableReference
               BuildableIdentifier = "primary"
               BlueprintIdentifier = "18A01A5019ACFD1D00E013A0"
               BuildableName = "iOSSpriteJoinDemo.app"
               BlueprintName = "iOSSpriteJoinDemo"
               ReferencedContainer = "container:SpriteJoinDemo.xcodeproj">
            </BuildableReference>
         </BuildActionEntry>
         <BuildActionEntry
            buildForTesting = "YES"
            buildForRunning = "YES"
            buildForProfiling = "NO"
            buildForArchiving = "NO"
            buildForAnalyzing = "YES">
            <BuildableReference
               BuildableIdentifier = "primary"
               BlueprintIdentifier = "18A01A6519ACFD1D00E013A0"
               BuildableName = "iOSSpriteJoinDemoTests.xctest"
               BlueprintName = "iOSSpriteJoinDemoTests"
               ReferencedContainer = "container:SpriteJoinDemo.xcodeproj">
            </BuildableReference>
         </BuildActionEntry>
      </BuildActionEntries>
   </BuildAction>
   <TestAction
      selectedDebuggerIdentifier = "Xcode.DebuggerFoundation.Debugger.LLDB"
      selectedLauncherIdentifier = "Xcode.DebuggerFoundation.Launcher.LLDB"
      shouldUseLaunchSchemeArgsEnv = "YES"
      buildConfiguration = "Debug">
      <Testables>
         <TestableReference
            skipped = "NO">
            <BuildableReference
               BuildableIdentifier = "primary"
               BlueprintIdentifier = "18A01A6519ACFD1D00E013A0"
               BuildableName = "iOSSpriteJoinDemoTests.xctest"
               BlueprintName = "iOSSpriteJoinDemoTests"
               ReferencedContainer = "container:SpriteJoinDemo.xcodeproj">
            </BuildableReference>
         </TestableReference>
      </Testables>
      <MacroExpansion>
         <BuildableReference
            BuildableIdentifier = "primary"
            BlueprintIdentifier = "18A01A5019ACFD1D00E013A0"
            BuildableName = "iOSSpriteJoinDemo.app"
            BlueprintName = "iOSSpriteJoinDemo"
            ReferencedContainer = "container:SpriteJoinDemo.xcodeproj">
         </BuildableReference>
      </MacroExpansion>
   </TestAction>
   <LaunchAction
      selectedDebuggerIdentifier = "Xcode.DebuggerFoundation.Debugger.LLDB"
      selectedLauncherIdentifier = "Xcode.DebuggerFoundation.Launcher.LLDB"
      launchStyle = "0"
      useCustomWorkingDirectory = "NO"
      buildConfiguration = "Debug"
      ignoresPersistentStateOnLaunch = "NO"
      debugDocumentVersioning = "YES"
      debugServiceExtension = "internal"
      allowLocationSimulation = "YES"
      internalIOSLaunchStyle = "2">
      <BuildableProductRunnable
         runnableDebuggingMode = "0">
         <BuildableReference
            BuildableIdentifier = "primary"
            BlueprintIdentifier = "18A01A5019ACFD1D00E013A0"
            BuildableName = "iOSSpriteJoinDemo.app"
            BlueprintName = "iOSSpriteJoinDemo"
            ReferencedContainer = "container:SpriteJoinDemo.xcodeproj">
         </BuildableReference>
      </BuildableProductRunnable>
      <AdditionalOptions>
      </AdditionalOptions>
   </LaunchAction>
   <ProfileAction
      shouldUseLaunchSchemeArgsEnv = "YES"
      savedToolIdentifier = ""
      useCustomWorkingDirectory = "NO"
      buildConfiguration = "Release"
      debugDocumentVersioning = "YES">
      <BuildableProductRunnable
         runnableDebuggingMode = "0">
         <BuildableReference
            BuildableIdentifier = "primary"
            BlueprintIdentifier = "18A01A5019ACFD1D00E013A0"
            BuildableName = "iOSSpriteJoinDemo.app"
            BlueprintName = "iOSSpriteJoinDemo"
            ReferencedContainer = "container:SpriteJoinDemo.xcodeproj">
         </BuildableReference>
      </BuildableProductRunnable>
   </ProfileAction>
   <AnalyzeAction
      buildConfiguration = "Debug">
   </AnalyzeAction>
   <ArchiveAction
      buildConfiguration = "Release"
      revealArchiveInOrganizer = "YES">
   </ArchiveAction>
</Scheme>
