// !$*UTF8*$!
{
	archiveVersion = 1;
	classes = {
	};
	objectVersion = 48;
	objects = {

/* Begin PBXFileReference section */
		1841F0D61F1DEA810049A474 /* GameTemplate.playground */ = {isa = PBXFileReference; lastKnownFileType = file.playground; path = GameTemplate.playground; sourceTree = "<group>"; xcLanguageSpecificationIdentifier = xcode.lang.swift; };
		187E73EE1F1DEC3E00AE571F /* SimpleEmptyScene.playground */ = {isa = PBXFileReference; lastKnownFileType = file.playground; path = SimpleEmptyScene.playground; sourceTree = "<group>"; xcLanguageSpecificationIdentifier = xcode.lang.swift; };
		187E73F01F1DEDE100AE571F /* SelectOld.playground */ = {isa = PBXFileReference; lastKnownFileType = file.playground; path = SelectOld.playground; sourceTree = "<group>"; xcLanguageSpecificationIdentifier = xcode.lang.swift; };
		187E73F11F1DEE9E00AE571F /* SelectEditing.playground */ = {isa = PBXFileReference; lastKnownFileType = file.playground; path = SelectEditing.playground; sourceTree = "<group>"; xcLanguageSpecificationIdentifier = xcode.lang.swift; };
/* End PBXFileReference section */

/* Begin PBXGroup section */
		188B5B6A1F1DE677007BB08A = {
			isa = PBXGroup;
			children = (
				188B5B7D1F1DE70E007BB08A /* Development Playgrounds */,
			);
			sourceTree = "<group>";
		};
		188B5B7D1F1DE70E007BB08A /* Development Playgrounds */ = {
			isa = PBXGroup;
			children = (
				1841F0D61F1DEA810049A474 /* GameTemplate.playground */,
				187E73EE1F1DEC3E00AE571F /* SimpleEmptyScene.playground */,
				187E73F01F1DEDE100AE571F /* SelectOld.playground */,
				187E73F11F1DEE9E00AE571F /* SelectEditing.playground */,
			);
			path = "Development Playgrounds";
			sourceTree = "<group>";
		};
/* End PBXGroup section */

/* Begin PBXProject section */
		188B5B6B1F1DE677007BB08A /* Project object */ = {
			isa = PBXProject;
			attributes = {
				LastUpgradeCheck = 0900;
			};
			buildConfigurationList = 188B5B6E1F1DE677007BB08A /* Build configuration list for PBXProject "StarJoinProject" */;
			compatibilityVersion = "Xcode 8.0";
			developmentRegion = en;
			hasScannedForEncodings = 0;
			knownRegions = (
				en,
			);
			mainGroup = 188B5B6A1F1DE677007BB08A;
			projectDirPath = "";
			projectRoot = "";
			targets = (
			);
		};
/* End PBXProject section */

/* Begin XCBuildConfiguration section */
		188B5B6F1F1DE677007BB08A /* Debug */ = {
			isa = XCBuildConfiguration;
			buildSettings = {
			};
			name = Debug;
		};
		188B5B701F1DE677007BB08A /* Release */ = {
			isa = XCBuildConfiguration;
			buildSettings = {
			};
			name = Release;
		};
/* End XCBuildConfiguration section */

/* Begin XCConfigurationList section */
		188B5B6E1F1DE677007BB08A /* Build configuration list for PBXProject "StarJoinProject" */ = {
			isa = XCConfigurationList;
			buildConfigurations = (
				188B5B6F1F1DE677007BB08A /* Debug */,
				188B5B701F1DE677007BB08A /* Release */,
			);
			defaultConfigurationIsVisible = 0;
			defaultConfigurationName = Release;
		};
/* End XCConfigurationList section */
	};
	rootObject = 188B5B6B1F1DE677007BB08A /* Project object */;
}
