// !$*UTF8*$!
{
	archiveVersion = 1;
	classes = {
	};
	objectVersion = 48;
	objects = {

/* Begin PBXAggregateTarget section */
		18A7539A1F23E54300F9BA54 /* Test all */ = {
			isa = PBXAggregateTarget;
			buildConfigurationList = 18A7539B1F23E54300F9BA54 /* Build configuration list for PBXAggregateTarget "Test all" */;
			buildPhases = (
			);
			dependencies = (
			);
			name = "Test all";
			productName = "All macos";
		};
/* End PBXAggregateTarget section */

/* Begin PBXFileReference section */
		181C6CF327A79F7300CD89B0 /* Stocks.swiftpm */ = {isa = PBXFileReference; lastKnownFileType = wrapper; path = Stocks.swiftpm; sourceTree = "<group>"; };
		18B2D4921F1F496000199DD3 /* Architecture Sketches.pdf */ = {isa = PBXFileReference; lastKnownFileType = image.pdf; path = "Architecture Sketches.pdf"; sourceTree = "<group>"; };
		18E593B827A7D07300F851FF /* Scales.swiftpm */ = {isa = PBXFileReference; lastKnownFileType = wrapper; path = Scales.swiftpm; sourceTree = "<group>"; };
		18EBE81E1F1EA6F100C57088 /* Tutorial.playground */ = {isa = PBXFileReference; lastKnownFileType = file.playground; path = Tutorial.playground; sourceTree = "<group>"; xcLanguageSpecificationIdentifier = xcode.lang.swift; };
		18F5137727A7933C008D42BF /* StarJoin */ = {isa = PBXFileReference; lastKnownFileType = wrapper; path = StarJoin; sourceTree = "<group>"; };
/* End PBXFileReference section */

/* Begin PBXGroup section */
		188B5B6A1F1DE677007BB08A = {
			isa = PBXGroup;
			children = (
				18F5137727A7933C008D42BF /* StarJoin */,
				18EBE81E1F1EA6F100C57088 /* Tutorial.playground */,
				181C6CF327A79F7300CD89B0 /* Stocks.swiftpm */,
				18E593B827A7D07300F851FF /* Scales.swiftpm */,
				18B2D4921F1F496000199DD3 /* Architecture Sketches.pdf */,
			);
			sourceTree = "<group>";
		};
/* End PBXGroup section */

/* Begin PBXProject section */
		188B5B6B1F1DE677007BB08A /* Project object */ = {
			isa = PBXProject;
			attributes = {
				LastUpgradeCheck = 0900;
				TargetAttributes = {
					18A7539A1F23E54300F9BA54 = {
						CreatedOnToolsVersion = 9.0;
						LastSwiftMigration = 1400;
					};
				};
			};
			buildConfigurationList = 188B5B6E1F1DE677007BB08A /* Build configuration list for PBXProject "StarJoinProject" */;
			compatibilityVersion = "Xcode 8.0";
			developmentRegion = en;
			hasScannedForEncodings = 0;
			knownRegions = (
				en,
				Base,
			);
			mainGroup = 188B5B6A1F1DE677007BB08A;
			projectDirPath = "";
			projectRoot = "";
			targets = (
				18A7539A1F23E54300F9BA54 /* Test all */,
			);
		};
/* End PBXProject section */

/* Begin XCBuildConfiguration section */
		188B5B6F1F1DE677007BB08A /* Debug */ = {
			isa = XCBuildConfiguration;
			buildSettings = {
			};
			name = Debug;
		};
		188B5B701F1DE677007BB08A /* Release */ = {
			isa = XCBuildConfiguration;
			buildSettings = {
			};
			name = Release;
		};
		18A7539C1F23E54300F9BA54 /* Debug */ = {
			isa = XCBuildConfiguration;
			buildSettings = {
				CLANG_ENABLE_MODULES = YES;
				DEVELOPMENT_TEAM = XPSUQMMH5W;
				LD_RUNPATH_SEARCH_PATHS = "$(inherited) @executable_path/../Frameworks @loader_path/../Frameworks";
				PRODUCT_NAME = "$(TARGET_NAME)";
				SWIFT_VERSION = 5.0;
			};
			name = Debug;
		};
		18A7539D1F23E54300F9BA54 /* Release */ = {
			isa = XCBuildConfiguration;
			buildSettings = {
				CLANG_ENABLE_MODULES = YES;
				DEVELOPMENT_TEAM = XPSUQMMH5W;
				LD_RUNPATH_SEARCH_PATHS = "$(inherited) @executable_path/../Frameworks @loader_path/../Frameworks";
				PRODUCT_NAME = "$(TARGET_NAME)";
				SWIFT_VERSION = 5.0;
			};
			name = Release;
		};
/* End XCBuildConfiguration section */

/* Begin XCConfigurationList section */
		188B5B6E1F1DE677007BB08A /* Build configuration list for PBXProject "StarJoinProject" */ = {
			isa = XCConfigurationList;
			buildConfigurations = (
				188B5B6F1F1DE677007BB08A /* Debug */,
				188B5B701F1DE677007BB08A /* Release */,
			);
			defaultConfigurationIsVisible = 0;
			defaultConfigurationName = Release;
		};
		18A7539B1F23E54300F9BA54 /* Build configuration list for PBXAggregateTarget "Test all" */ = {
			isa = XCConfigurationList;
			buildConfigurations = (
				18A7539C1F23E54300F9BA54 /* Debug */,
				18A7539D1F23E54300F9BA54 /* Release */,
			);
			defaultConfigurationIsVisible = 0;
			defaultConfigurationName = Release;
		};
/* End XCConfigurationList section */
	};
	rootObject = 188B5B6B1F1DE677007BB08A /* Project object */;
}
