// !$*UTF8*$!
{
	archiveVersion = 1;
	classes = {
	};
	objectVersion = 48;
	objects = {

/* Begin PBXAggregateTarget section */
		18A7539A1F23E54300F9BA54 /* Test all */ = {
			isa = PBXAggregateTarget;
			buildConfigurationList = 18A7539B1F23E54300F9BA54 /* Build configuration list for PBXAggregateTarget "Test all" */;
			buildPhases = (
			);
			dependencies = (
			);
			name = "Test all";
			productName = "All macos";
		};
/* End PBXAggregateTarget section */

/* Begin PBXContainerItemProxy section */
		18610B4C1F217FA5006BF37E /* PBXContainerItemProxy */ = {
			isa = PBXContainerItemProxy;
			containerPortal = 18610B3D1F217FA3006BF37E /* StarJoinStocks.xcodeproj */;
			proxyType = 2;
			remoteGlobalIDString = 18610B141F217FA3006BF37E;
			remoteInfo = StarJoinStocks;
		};
		18610B4E1F217FA5006BF37E /* PBXContainerItemProxy */ = {
			isa = PBXContainerItemProxy;
			containerPortal = 18610B3D1F217FA3006BF37E /* StarJoinStocks.xcodeproj */;
			proxyType = 2;
			remoteGlobalIDString = 18610B2E1F217FA3006BF37E;
			remoteInfo = StarJoinStocksTests;
		};
		187CFE3C27A66557009F216E /* PBXContainerItemProxy */ = {
			isa = PBXContainerItemProxy;
			containerPortal = 18B61A191F218B940006BD26 /* SpriteJoinSampleData.xcodeproj */;
			proxyType = 2;
			remoteGlobalIDString = 184EEAE219AA8B70009B81C8;
			remoteInfo = SpriteJoinSampleData;
		};
		187CFE3E27A66557009F216E /* PBXContainerItemProxy */ = {
			isa = PBXContainerItemProxy;
			containerPortal = 18B61A191F218B940006BD26 /* SpriteJoinSampleData.xcodeproj */;
			proxyType = 2;
			remoteGlobalIDString = 184EEAED19AA8B70009B81C8;
			remoteInfo = SpriteJoinSampleDataTests;
		};
/* End PBXContainerItemProxy section */

/* Begin PBXFileReference section */
		18610B3D1F217FA3006BF37E /* StarJoinStocks.xcodeproj */ = {isa = PBXFileReference; lastKnownFileType = "wrapper.pb-project"; name = StarJoinStocks.xcodeproj; path = StarJoinStocks/StarJoinStocks.xcodeproj; sourceTree = "<group>"; };
		18B2D4921F1F496000199DD3 /* Old Notes.pdf */ = {isa = PBXFileReference; lastKnownFileType = image.pdf; path = "Old Notes.pdf"; sourceTree = "<group>"; };
		18B61A191F218B940006BD26 /* SpriteJoinSampleData.xcodeproj */ = {isa = PBXFileReference; lastKnownFileType = "wrapper.pb-project"; name = SpriteJoinSampleData.xcodeproj; path = SpriteJoinSampleData/SpriteJoinSampleData.xcodeproj; sourceTree = "<group>"; };
		18EBE81E1F1EA6F100C57088 /* Joining to Data.playground */ = {isa = PBXFileReference; lastKnownFileType = file.playground; path = "Joining to Data.playground"; sourceTree = "<group>"; xcLanguageSpecificationIdentifier = xcode.lang.swift; };
		18F5137727A7933C008D42BF /* StarJoin */ = {isa = PBXFileReference; lastKnownFileType = wrapper; path = StarJoin; sourceTree = "<group>"; };
/* End PBXFileReference section */

/* Begin PBXGroup section */
		1803704A1F21695300131E7E /* Apps */ = {
			isa = PBXGroup;
			children = (
				18B61A191F218B940006BD26 /* SpriteJoinSampleData.xcodeproj */,
				18610B3D1F217FA3006BF37E /* StarJoinStocks.xcodeproj */,
			);
			path = Apps;
			sourceTree = "<group>";
		};
		18610B3E1F217FA3006BF37E /* Products */ = {
			isa = PBXGroup;
			children = (
				18610B4D1F217FA5006BF37E /* StarJoinStocks.app */,
				18610B4F1F217FA5006BF37E /* StarJoinStocksTests.xctest */,
			);
			name = Products;
			sourceTree = "<group>";
		};
		187CFE3827A66557009F216E /* Products */ = {
			isa = PBXGroup;
			children = (
				187CFE3D27A66557009F216E /* SpriteJoinSampleData.framework */,
				187CFE3F27A66557009F216E /* SpriteJoinSampleDataTests.xctest */,
			);
			name = Products;
			sourceTree = "<group>";
		};
		188B5B6A1F1DE677007BB08A = {
			isa = PBXGroup;
			children = (
				18AE2A9C27A671C700A60DB0 /* Packages */,
				1803704A1F21695300131E7E /* Apps */,
				18B2D4971F1F496700199DD3 /* Docs */,
				18EBE8201F1EA76D00C57088 /* Example Playgrounds */,
			);
			sourceTree = "<group>";
		};
		18AE2A9C27A671C700A60DB0 /* Packages */ = {
			isa = PBXGroup;
			children = (
				18F5137727A7933C008D42BF /* StarJoin */,
			);
			name = Packages;
			sourceTree = "<group>";
		};
		18B2D4971F1F496700199DD3 /* Docs */ = {
			isa = PBXGroup;
			children = (
				18B2D4921F1F496000199DD3 /* Old Notes.pdf */,
			);
			path = Docs;
			sourceTree = "<group>";
		};
		18EBE81D1F1EA5FE00C57088 /* Tutorial */ = {
			isa = PBXGroup;
			children = (
				18EBE81E1F1EA6F100C57088 /* Joining to Data.playground */,
			);
			path = Tutorial;
			sourceTree = "<group>";
		};
		18EBE8201F1EA76D00C57088 /* Example Playgrounds */ = {
			isa = PBXGroup;
			children = (
				18EBE81D1F1EA5FE00C57088 /* Tutorial */,
			);
			path = "Example Playgrounds";
			sourceTree = "<group>";
		};
/* End PBXGroup section */

/* Begin PBXProject section */
		188B5B6B1F1DE677007BB08A /* Project object */ = {
			isa = PBXProject;
			attributes = {
				LastUpgradeCheck = 0900;
				TargetAttributes = {
					18A7539A1F23E54300F9BA54 = {
						CreatedOnToolsVersion = 9.0;
						LastSwiftMigration = 1400;
					};
				};
			};
			buildConfigurationList = 188B5B6E1F1DE677007BB08A /* Build configuration list for PBXProject "StarJoinProject" */;
			compatibilityVersion = "Xcode 8.0";
			developmentRegion = en;
			hasScannedForEncodings = 0;
			knownRegions = (
				en,
				Base,
			);
			mainGroup = 188B5B6A1F1DE677007BB08A;
			projectDirPath = "";
			projectReferences = (
				{
					ProductGroup = 187CFE3827A66557009F216E /* Products */;
					ProjectRef = 18B61A191F218B940006BD26 /* SpriteJoinSampleData.xcodeproj */;
				},
				{
					ProductGroup = 18610B3E1F217FA3006BF37E /* Products */;
					ProjectRef = 18610B3D1F217FA3006BF37E /* StarJoinStocks.xcodeproj */;
				},
			);
			projectRoot = "";
			targets = (
				18A7539A1F23E54300F9BA54 /* Test all */,
			);
		};
/* End PBXProject section */

/* Begin PBXReferenceProxy section */
		18610B4D1F217FA5006BF37E /* StarJoinStocks.app */ = {
			isa = PBXReferenceProxy;
			fileType = wrapper.application;
			path = StarJoinStocks.app;
			remoteRef = 18610B4C1F217FA5006BF37E /* PBXContainerItemProxy */;
			sourceTree = BUILT_PRODUCTS_DIR;
		};
		18610B4F1F217FA5006BF37E /* StarJoinStocksTests.xctest */ = {
			isa = PBXReferenceProxy;
			fileType = wrapper.cfbundle;
			path = StarJoinStocksTests.xctest;
			remoteRef = 18610B4E1F217FA5006BF37E /* PBXContainerItemProxy */;
			sourceTree = BUILT_PRODUCTS_DIR;
		};
		187CFE3D27A66557009F216E /* SpriteJoinSampleData.framework */ = {
			isa = PBXReferenceProxy;
			fileType = wrapper.framework;
			path = SpriteJoinSampleData.framework;
			remoteRef = 187CFE3C27A66557009F216E /* PBXContainerItemProxy */;
			sourceTree = BUILT_PRODUCTS_DIR;
		};
		187CFE3F27A66557009F216E /* SpriteJoinSampleDataTests.xctest */ = {
			isa = PBXReferenceProxy;
			fileType = wrapper.cfbundle;
			path = SpriteJoinSampleDataTests.xctest;
			remoteRef = 187CFE3E27A66557009F216E /* PBXContainerItemProxy */;
			sourceTree = BUILT_PRODUCTS_DIR;
		};
/* End PBXReferenceProxy section */

/* Begin XCBuildConfiguration section */
		188B5B6F1F1DE677007BB08A /* Debug */ = {
			isa = XCBuildConfiguration;
			buildSettings = {
			};
			name = Debug;
		};
		188B5B701F1DE677007BB08A /* Release */ = {
			isa = XCBuildConfiguration;
			buildSettings = {
			};
			name = Release;
		};
		18A7539C1F23E54300F9BA54 /* Debug */ = {
			isa = XCBuildConfiguration;
			buildSettings = {
				CLANG_ENABLE_MODULES = YES;
				DEVELOPMENT_TEAM = XPSUQMMH5W;
				LD_RUNPATH_SEARCH_PATHS = "$(inherited) @executable_path/../Frameworks @loader_path/../Frameworks";
				PRODUCT_NAME = "$(TARGET_NAME)";
				SWIFT_VERSION = 5.0;
			};
			name = Debug;
		};
		18A7539D1F23E54300F9BA54 /* Release */ = {
			isa = XCBuildConfiguration;
			buildSettings = {
				CLANG_ENABLE_MODULES = YES;
				DEVELOPMENT_TEAM = XPSUQMMH5W;
				LD_RUNPATH_SEARCH_PATHS = "$(inherited) @executable_path/../Frameworks @loader_path/../Frameworks";
				PRODUCT_NAME = "$(TARGET_NAME)";
				SWIFT_VERSION = 5.0;
			};
			name = Release;
		};
/* End XCBuildConfiguration section */

/* Begin XCConfigurationList section */
		188B5B6E1F1DE677007BB08A /* Build configuration list for PBXProject "StarJoinProject" */ = {
			isa = XCConfigurationList;
			buildConfigurations = (
				188B5B6F1F1DE677007BB08A /* Debug */,
				188B5B701F1DE677007BB08A /* Release */,
			);
			defaultConfigurationIsVisible = 0;
			defaultConfigurationName = Release;
		};
		18A7539B1F23E54300F9BA54 /* Build configuration list for PBXAggregateTarget "Test all" */ = {
			isa = XCConfigurationList;
			buildConfigurations = (
				18A7539C1F23E54300F9BA54 /* Debug */,
				18A7539D1F23E54300F9BA54 /* Release */,
			);
			defaultConfigurationIsVisible = 0;
			defaultConfigurationName = Release;
		};
/* End XCConfigurationList section */
	};
	rootObject = 188B5B6B1F1DE677007BB08A /* Project object */;
}
