// !$*UTF8*$!
{
	archiveVersion = 1;
	classes = {
	};
	objectVersion = 48;
	objects = {

/* Begin PBXBuildFile section */
		1889AD271F20B3BD00F60DED /* SKAxis.swift in Sources */ = {isa = PBXBuildFile; fileRef = 1889AD261F20B3BD00F60DED /* SKAxis.swift */; };
		18EBE7FF1F1E8EDD00C57088 /* StarJoinSpriteKitAdaptor.framework in Frameworks */ = {isa = PBXBuildFile; fileRef = 18EBE7F51F1E8EDC00C57088 /* StarJoinSpriteKitAdaptor.framework */; };
		18EBE8041F1E8EDD00C57088 /* SelectionTests.swift in Sources */ = {isa = PBXBuildFile; fileRef = 18EBE8031F1E8EDD00C57088 /* SelectionTests.swift */; };
		18EBE8061F1E8EDD00C57088 /* StarJoinSpriteKitAdaptor.h in Headers */ = {isa = PBXBuildFile; fileRef = 18EBE7F81F1E8EDC00C57088 /* StarJoinSpriteKitAdaptor.h */; settings = {ATTRIBUTES = (Public, ); }; };
		18EBE81B1F1EA1CB00C57088 /* StarJoinAdaptor.swift in Sources */ = {isa = PBXBuildFile; fileRef = 18EBE81A1F1EA1CB00C57088 /* StarJoinAdaptor.swift */; };
/* End PBXBuildFile section */

/* Begin PBXContainerItemProxy section */
		18EBE8001F1E8EDD00C57088 /* PBXContainerItemProxy */ = {
			isa = PBXContainerItemProxy;
			containerPortal = 18EBE7EC1F1E8EDC00C57088 /* Project object */;
			proxyType = 1;
			remoteGlobalIDString = 18EBE7F41F1E8EDC00C57088;
			remoteInfo = StarJoinSpriteKitAdaptor;
		};
/* End PBXContainerItemProxy section */

/* Begin PBXFileReference section */
		1889AD261F20B3BD00F60DED /* SKAxis.swift */ = {isa = PBXFileReference; lastKnownFileType = sourcecode.swift; path = SKAxis.swift; sourceTree = "<group>"; };
		18EBE7F51F1E8EDC00C57088 /* StarJoinSpriteKitAdaptor.framework */ = {isa = PBXFileReference; explicitFileType = wrapper.framework; includeInIndex = 0; path = StarJoinSpriteKitAdaptor.framework; sourceTree = BUILT_PRODUCTS_DIR; };
		18EBE7F81F1E8EDC00C57088 /* StarJoinSpriteKitAdaptor.h */ = {isa = PBXFileReference; lastKnownFileType = sourcecode.c.h; path = StarJoinSpriteKitAdaptor.h; sourceTree = "<group>"; };
		18EBE7F91F1E8EDC00C57088 /* Info.plist */ = {isa = PBXFileReference; lastKnownFileType = text.plist.xml; path = Info.plist; sourceTree = "<group>"; };
		18EBE7FE1F1E8EDD00C57088 /* StarJoinSpriteKitAdaptorTests.xctest */ = {isa = PBXFileReference; explicitFileType = wrapper.cfbundle; includeInIndex = 0; path = StarJoinSpriteKitAdaptorTests.xctest; sourceTree = BUILT_PRODUCTS_DIR; };
		18EBE8031F1E8EDD00C57088 /* SelectionTests.swift */ = {isa = PBXFileReference; lastKnownFileType = sourcecode.swift; path = SelectionTests.swift; sourceTree = "<group>"; };
		18EBE8051F1E8EDD00C57088 /* Info.plist */ = {isa = PBXFileReference; lastKnownFileType = text.plist.xml; path = Info.plist; sourceTree = "<group>"; };
		18EBE81A1F1EA1CB00C57088 /* StarJoinAdaptor.swift */ = {isa = PBXFileReference; lastKnownFileType = sourcecode.swift; path = StarJoinAdaptor.swift; sourceTree = "<group>"; };
/* End PBXFileReference section */

/* Begin PBXFrameworksBuildPhase section */
		18EBE7F11F1E8EDC00C57088 /* Frameworks */ = {
			isa = PBXFrameworksBuildPhase;
			buildActionMask = 2147483647;
			files = (
			);
			runOnlyForDeploymentPostprocessing = 0;
		};
		18EBE7FB1F1E8EDD00C57088 /* Frameworks */ = {
			isa = PBXFrameworksBuildPhase;
			buildActionMask = 2147483647;
			files = (
				18EBE7FF1F1E8EDD00C57088 /* StarJoinSpriteKitAdaptor.framework in Frameworks */,
			);
			runOnlyForDeploymentPostprocessing = 0;
		};
/* End PBXFrameworksBuildPhase section */

/* Begin PBXGroup section */
		1889AD251F20B3AB00F60DED /* Axis */ = {
			isa = PBXGroup;
			children = (
				1889AD261F20B3BD00F60DED /* SKAxis.swift */,
			);
			path = Axis;
			sourceTree = "<group>";
		};
		18EBE7EB1F1E8EDC00C57088 = {
			isa = PBXGroup;
			children = (
				1889AD251F20B3AB00F60DED /* Axis */,
				18EBE7F71F1E8EDC00C57088 /* StarJoinSpriteKitAdaptor */,
				18EBE8021F1E8EDD00C57088 /* StarJoinSpriteKitAdaptorTests */,
				18EBE7F61F1E8EDC00C57088 /* Products */,
				18EBE8181F1E936B00C57088 /* Frameworks */,
			);
			sourceTree = "<group>";
		};
		18EBE7F61F1E8EDC00C57088 /* Products */ = {
			isa = PBXGroup;
			children = (
				18EBE7F51F1E8EDC00C57088 /* StarJoinSpriteKitAdaptor.framework */,
				18EBE7FE1F1E8EDD00C57088 /* StarJoinSpriteKitAdaptorTests.xctest */,
			);
			name = Products;
			sourceTree = "<group>";
		};
		18EBE7F71F1E8EDC00C57088 /* StarJoinSpriteKitAdaptor */ = {
			isa = PBXGroup;
			children = (
				18EBE7F81F1E8EDC00C57088 /* StarJoinSpriteKitAdaptor.h */,
				18EBE7F91F1E8EDC00C57088 /* Info.plist */,
				18EBE81A1F1EA1CB00C57088 /* StarJoinAdaptor.swift */,
			);
			path = StarJoinSpriteKitAdaptor;
			sourceTree = "<group>";
		};
		18EBE8021F1E8EDD00C57088 /* StarJoinSpriteKitAdaptorTests */ = {
			isa = PBXGroup;
			children = (
				18EBE8031F1E8EDD00C57088 /* SelectionTests.swift */,
				18EBE8051F1E8EDD00C57088 /* Info.plist */,
			);
			path = StarJoinSpriteKitAdaptorTests;
			sourceTree = "<group>";
		};
		18EBE8181F1E936B00C57088 /* Frameworks */ = {
			isa = PBXGroup;
			children = (
			);
			name = Frameworks;
			sourceTree = "<group>";
		};
/* End PBXGroup section */

/* Begin PBXHeadersBuildPhase section */
		18EBE7F21F1E8EDC00C57088 /* Headers */ = {
			isa = PBXHeadersBuildPhase;
			buildActionMask = 2147483647;
			files = (
				18EBE8061F1E8EDD00C57088 /* StarJoinSpriteKitAdaptor.h in Headers */,
			);
			runOnlyForDeploymentPostprocessing = 0;
		};
/* End PBXHeadersBuildPhase section */

/* Begin PBXNativeTarget section */
		18EBE7F41F1E8EDC00C57088 /* StarJoinSpriteKitAdaptor */ = {
			isa = PBXNativeTarget;
			buildConfigurationList = 18EBE8091F1E8EDD00C57088 /* Build configuration list for PBXNativeTarget "StarJoinSpriteKitAdaptor" */;
			buildPhases = (
				18EBE7F01F1E8EDC00C57088 /* Sources */,
				18EBE7F11F1E8EDC00C57088 /* Frameworks */,
				18EBE7F21F1E8EDC00C57088 /* Headers */,
				18EBE7F31F1E8EDC00C57088 /* Resources */,
			);
			buildRules = (
			);
			dependencies = (
			);
			name = StarJoinSpriteKitAdaptor;
			productName = StarJoinSpriteKitAdaptor;
			productReference = 18EBE7F51F1E8EDC00C57088 /* StarJoinSpriteKitAdaptor.framework */;
			productType = "com.apple.product-type.framework";
		};
		18EBE7FD1F1E8EDD00C57088 /* StarJoinSpriteKitAdaptorTests */ = {
			isa = PBXNativeTarget;
			buildConfigurationList = 18EBE80C1F1E8EDD00C57088 /* Build configuration list for PBXNativeTarget "StarJoinSpriteKitAdaptorTests" */;
			buildPhases = (
				18EBE7FA1F1E8EDD00C57088 /* Sources */,
				18EBE7FB1F1E8EDD00C57088 /* Frameworks */,
				18EBE7FC1F1E8EDD00C57088 /* Resources */,
			);
			buildRules = (
			);
			dependencies = (
				18EBE8011F1E8EDD00C57088 /* PBXTargetDependency */,
			);
			name = StarJoinSpriteKitAdaptorTests;
			productName = StarJoinSpriteKitAdaptorTests;
			productReference = 18EBE7FE1F1E8EDD00C57088 /* StarJoinSpriteKitAdaptorTests.xctest */;
			productType = "com.apple.product-type.bundle.unit-test";
		};
/* End PBXNativeTarget section */

/* Begin PBXProject section */
		18EBE7EC1F1E8EDC00C57088 /* Project object */ = {
			isa = PBXProject;
			attributes = {
				LastSwiftUpdateCheck = 0900;
				LastUpgradeCheck = 0900;
				ORGANIZATIONNAME = apple;
				TargetAttributes = {
					18EBE7F41F1E8EDC00C57088 = {
						CreatedOnToolsVersion = 9.0;
						LastSwiftMigration = 0900;
					};
					18EBE7FD1F1E8EDD00C57088 = {
						CreatedOnToolsVersion = 9.0;
					};
				};
			};
			buildConfigurationList = 18EBE7EF1F1E8EDC00C57088 /* Build configuration list for PBXProject "StarJoinSpriteKitAdaptor" */;
			compatibilityVersion = "Xcode 8.0";
			developmentRegion = en;
			hasScannedForEncodings = 0;
			knownRegions = (
				en,
			);
			mainGroup = 18EBE7EB1F1E8EDC00C57088;
			productRefGroup = 18EBE7F61F1E8EDC00C57088 /* Products */;
			projectDirPath = "";
			projectRoot = "";
			targets = (
				18EBE7F41F1E8EDC00C57088 /* StarJoinSpriteKitAdaptor */,
				18EBE7FD1F1E8EDD00C57088 /* StarJoinSpriteKitAdaptorTests */,
			);
		};
/* End PBXProject section */

/* Begin PBXResourcesBuildPhase section */
		18EBE7F31F1E8EDC00C57088 /* Resources */ = {
			isa = PBXResourcesBuildPhase;
			buildActionMask = 2147483647;
			files = (
			);
			runOnlyForDeploymentPostprocessing = 0;
		};
		18EBE7FC1F1E8EDD00C57088 /* Resources */ = {
			isa = PBXResourcesBuildPhase;
			buildActionMask = 2147483647;
			files = (
			);
			runOnlyForDeploymentPostprocessing = 0;
		};
/* End PBXResourcesBuildPhase section */

/* Begin PBXSourcesBuildPhase section */
		18EBE7F01F1E8EDC00C57088 /* Sources */ = {
			isa = PBXSourcesBuildPhase;
			buildActionMask = 2147483647;
			files = (
				1889AD271F20B3BD00F60DED /* SKAxis.swift in Sources */,
				18EBE81B1F1EA1CB00C57088 /* StarJoinAdaptor.swift in Sources */,
			);
			runOnlyForDeploymentPostprocessing = 0;
		};
		18EBE7FA1F1E8EDD00C57088 /* Sources */ = {
			isa = PBXSourcesBuildPhase;
			buildActionMask = 2147483647;
			files = (
				18EBE8041F1E8EDD00C57088 /* SelectionTests.swift in Sources */,
			);
			runOnlyForDeploymentPostprocessing = 0;
		};
/* End PBXSourcesBuildPhase section */

/* Begin PBXTargetDependency section */
		18EBE8011F1E8EDD00C57088 /* PBXTargetDependency */ = {
			isa = PBXTargetDependency;
			target = 18EBE7F41F1E8EDC00C57088 /* StarJoinSpriteKitAdaptor */;
			targetProxy = 18EBE8001F1E8EDD00C57088 /* PBXContainerItemProxy */;
		};
/* End PBXTargetDependency section */

/* Begin XCBuildConfiguration section */
		18EBE8071F1E8EDD00C57088 /* Debug */ = {
			isa = XCBuildConfiguration;
			buildSettings = {
				ALWAYS_SEARCH_USER_PATHS = NO;
				CLANG_ANALYZER_NONNULL = YES;
				CLANG_ANALYZER_NUMBER_OBJECT_CONVERSION = YES_AGGRESSIVE;
				CLANG_CXX_LANGUAGE_STANDARD = "gnu++14";
				CLANG_CXX_LIBRARY = "libc++";
				CLANG_ENABLE_MODULES = YES;
				CLANG_ENABLE_OBJC_ARC = YES;
				CLANG_WARN_BLOCK_CAPTURE_AUTORELEASING = YES;
				CLANG_WARN_BOOL_CONVERSION = YES;
				CLANG_WARN_COMMA = YES;
				CLANG_WARN_CONSTANT_CONVERSION = YES;
				CLANG_WARN_DIRECT_OBJC_ISA_USAGE = YES_ERROR;
				CLANG_WARN_DOCUMENTATION_COMMENTS = YES;
				CLANG_WARN_EMPTY_BODY = YES;
				CLANG_WARN_ENUM_CONVERSION = YES;
				CLANG_WARN_INFINITE_RECURSION = YES;
				CLANG_WARN_INT_CONVERSION = YES;
				CLANG_WARN_NON_LITERAL_NULL_CONVERSION = YES;
				CLANG_WARN_OBJC_LITERAL_CONVERSION = YES;
				CLANG_WARN_OBJC_ROOT_CLASS = YES_ERROR;
				CLANG_WARN_RANGE_LOOP_ANALYSIS = YES;
				CLANG_WARN_STRICT_PROTOTYPES = YES;
				CLANG_WARN_SUSPICIOUS_MOVE = YES;
				CLANG_WARN_UNGUARDED_AVAILABILITY = YES_AGGRESSIVE;
				CLANG_WARN_UNREACHABLE_CODE = YES;
				CLANG_WARN__DUPLICATE_METHOD_MATCH = YES;
				COPY_PHASE_STRIP = NO;
				CURRENT_PROJECT_VERSION = 1;
				DEBUG_INFORMATION_FORMAT = dwarf;
				ENABLE_STRICT_OBJC_MSGSEND = YES;
				ENABLE_TESTABILITY = YES;
				GCC_C_LANGUAGE_STANDARD = gnu11;
				GCC_DYNAMIC_NO_PIC = NO;
				GCC_NO_COMMON_BLOCKS = YES;
				GCC_OPTIMIZATION_LEVEL = 0;
				GCC_PREPROCESSOR_DEFINITIONS = (
					"DEBUG=1",
					"$(inherited)",
				);
				GCC_WARN_64_TO_32_BIT_CONVERSION = YES;
				GCC_WARN_ABOUT_RETURN_TYPE = YES_ERROR;
				GCC_WARN_UNDECLARED_SELECTOR = YES;
				GCC_WARN_UNINITIALIZED_AUTOS = YES_AGGRESSIVE;
				GCC_WARN_UNUSED_FUNCTION = YES;
				GCC_WARN_UNUSED_VARIABLE = YES;
				MTL_ENABLE_DEBUG_INFO = YES;
				ONLY_ACTIVE_ARCH = YES;
				SUPPORTED_PLATFORMS = "iphonesimulator iphoneos macosx";
				SWIFT_ACTIVE_COMPILATION_CONDITIONS = DEBUG;
				SWIFT_OPTIMIZATION_LEVEL = "-Onone";
				SWIFT_VERSION = 4.0;
				VERSIONING_SYSTEM = "apple-generic";
				VERSION_INFO_PREFIX = "";
			};
			name = Debug;
		};
		18EBE8081F1E8EDD00C57088 /* Release */ = {
			isa = XCBuildConfiguration;
			buildSettings = {
				ALWAYS_SEARCH_USER_PATHS = NO;
				CLANG_ANALYZER_NONNULL = YES;
				CLANG_ANALYZER_NUMBER_OBJECT_CONVERSION = YES_AGGRESSIVE;
				CLANG_CXX_LANGUAGE_STANDARD = "gnu++14";
				CLANG_CXX_LIBRARY = "libc++";
				CLANG_ENABLE_MODULES = YES;
				CLANG_ENABLE_OBJC_ARC = YES;
				CLANG_WARN_BLOCK_CAPTURE_AUTORELEASING = YES;
				CLANG_WARN_BOOL_CONVERSION = YES;
				CLANG_WARN_COMMA = YES;
				CLANG_WARN_CONSTANT_CONVERSION = YES;
				CLANG_WARN_DIRECT_OBJC_ISA_USAGE = YES_ERROR;
				CLANG_WARN_DOCUMENTATION_COMMENTS = YES;
				CLANG_WARN_EMPTY_BODY = YES;
				CLANG_WARN_ENUM_CONVERSION = YES;
				CLANG_WARN_INFINITE_RECURSION = YES;
				CLANG_WARN_INT_CONVERSION = YES;
				CLANG_WARN_NON_LITERAL_NULL_CONVERSION = YES;
				CLANG_WARN_OBJC_LITERAL_CONVERSION = YES;
				CLANG_WARN_OBJC_ROOT_CLASS = YES_ERROR;
				CLANG_WARN_RANGE_LOOP_ANALYSIS = YES;
				CLANG_WARN_STRICT_PROTOTYPES = YES;
				CLANG_WARN_SUSPICIOUS_MOVE = YES;
				CLANG_WARN_UNGUARDED_AVAILABILITY = YES_AGGRESSIVE;
				CLANG_WARN_UNREACHABLE_CODE = YES;
				CLANG_WARN__DUPLICATE_METHOD_MATCH = YES;
				COPY_PHASE_STRIP = NO;
				CURRENT_PROJECT_VERSION = 1;
				DEBUG_INFORMATION_FORMAT = "dwarf-with-dsym";
				ENABLE_NS_ASSERTIONS = NO;
				ENABLE_STRICT_OBJC_MSGSEND = YES;
				GCC_C_LANGUAGE_STANDARD = gnu11;
				GCC_NO_COMMON_BLOCKS = YES;
				GCC_WARN_64_TO_32_BIT_CONVERSION = YES;
				GCC_WARN_ABOUT_RETURN_TYPE = YES_ERROR;
				GCC_WARN_UNDECLARED_SELECTOR = YES;
				GCC_WARN_UNINITIALIZED_AUTOS = YES_AGGRESSIVE;
				GCC_WARN_UNUSED_FUNCTION = YES;
				GCC_WARN_UNUSED_VARIABLE = YES;
				MTL_ENABLE_DEBUG_INFO = NO;
				SUPPORTED_PLATFORMS = "iphonesimulator iphoneos macosx";
				SWIFT_OPTIMIZATION_LEVEL = "-Owholemodule";
				SWIFT_VERSION = 4.0;
				VALIDATE_PRODUCT = YES;
				VERSIONING_SYSTEM = "apple-generic";
				VERSION_INFO_PREFIX = "";
			};
			name = Release;
		};
		18EBE80A1F1E8EDD00C57088 /* Debug */ = {
			isa = XCBuildConfiguration;
			buildSettings = {
				CLANG_ENABLE_MODULES = YES;
				DEFINES_MODULE = YES;
				DYLIB_COMPATIBILITY_VERSION = 1;
				DYLIB_CURRENT_VERSION = 1;
				DYLIB_INSTALL_NAME_BASE = "@rpath";
				INFOPLIST_FILE = StarJoinSpriteKitAdaptor/Info.plist;
				INSTALL_PATH = "$(LOCAL_LIBRARY_DIR)/Frameworks";
				IPHONEOS_DEPLOYMENT_TARGET = 11.0;
				LD_RUNPATH_SEARCH_PATHS = "$(inherited) @executable_path/Frameworks @loader_path/Frameworks";
				PRODUCT_BUNDLE_IDENTIFIER = com.apple.StarJoinSpriteKitAdaptor;
				PRODUCT_NAME = "$(TARGET_NAME:c99extidentifier)";
				SKIP_INSTALL = YES;
				SWIFT_OPTIMIZATION_LEVEL = "-Onone";
				SWIFT_VERSION = 3.0;
			};
			name = Debug;
		};
		18EBE80B1F1E8EDD00C57088 /* Release */ = {
			isa = XCBuildConfiguration;
			buildSettings = {
				CLANG_ENABLE_MODULES = YES;
				DEFINES_MODULE = YES;
				DYLIB_COMPATIBILITY_VERSION = 1;
				DYLIB_CURRENT_VERSION = 1;
				DYLIB_INSTALL_NAME_BASE = "@rpath";
				INFOPLIST_FILE = StarJoinSpriteKitAdaptor/Info.plist;
				INSTALL_PATH = "$(LOCAL_LIBRARY_DIR)/Frameworks";
				IPHONEOS_DEPLOYMENT_TARGET = 11.0;
				LD_RUNPATH_SEARCH_PATHS = "$(inherited) @executable_path/Frameworks @loader_path/Frameworks";
				PRODUCT_BUNDLE_IDENTIFIER = com.apple.StarJoinSpriteKitAdaptor;
				PRODUCT_NAME = "$(TARGET_NAME:c99extidentifier)";
				SKIP_INSTALL = YES;
				SWIFT_VERSION = 3.0;
			};
			name = Release;
		};
		18EBE80D1F1E8EDD00C57088 /* Debug */ = {
			isa = XCBuildConfiguration;
			buildSettings = {
				ALWAYS_EMBED_SWIFT_STANDARD_LIBRARIES = YES;
				INFOPLIST_FILE = StarJoinSpriteKitAdaptorTests/Info.plist;
				LD_RUNPATH_SEARCH_PATHS = "$(inherited) @executable_path/Frameworks @loader_path/Frameworks @loader_path/../Frameworks";
				PRODUCT_BUNDLE_IDENTIFIER = com.apple.StarJoinSpriteKitAdaptorTests;
				PRODUCT_NAME = "$(TARGET_NAME)";
			};
			name = Debug;
		};
		18EBE80E1F1E8EDD00C57088 /* Release */ = {
			isa = XCBuildConfiguration;
			buildSettings = {
				ALWAYS_EMBED_SWIFT_STANDARD_LIBRARIES = YES;
				INFOPLIST_FILE = StarJoinSpriteKitAdaptorTests/Info.plist;
				LD_RUNPATH_SEARCH_PATHS = "$(inherited) @executable_path/Frameworks @loader_path/Frameworks @loader_path/../Frameworks";
				PRODUCT_BUNDLE_IDENTIFIER = com.apple.StarJoinSpriteKitAdaptorTests;
				PRODUCT_NAME = "$(TARGET_NAME)";
			};
			name = Release;
		};
/* End XCBuildConfiguration section */

/* Begin XCConfigurationList section */
		18EBE7EF1F1E8EDC00C57088 /* Build configuration list for PBXProject "StarJoinSpriteKitAdaptor" */ = {
			isa = XCConfigurationList;
			buildConfigurations = (
				18EBE8071F1E8EDD00C57088 /* Debug */,
				18EBE8081F1E8EDD00C57088 /* Release */,
			);
			defaultConfigurationIsVisible = 0;
			defaultConfigurationName = Release;
		};
		18EBE8091F1E8EDD00C57088 /* Build configuration list for PBXNativeTarget "StarJoinSpriteKitAdaptor" */ = {
			isa = XCConfigurationList;
			buildConfigurations = (
				18EBE80A1F1E8EDD00C57088 /* Debug */,
				18EBE80B1F1E8EDD00C57088 /* Release */,
			);
			defaultConfigurationIsVisible = 0;
			defaultConfigurationName = Release;
		};
		18EBE80C1F1E8EDD00C57088 /* Build configuration list for PBXNativeTarget "StarJoinSpriteKitAdaptorTests" */ = {
			isa = XCConfigurationList;
			buildConfigurations = (
				18EBE80D1F1E8EDD00C57088 /* Debug */,
				18EBE80E1F1E8EDD00C57088 /* Release */,
			);
			defaultConfigurationIsVisible = 0;
			defaultConfigurationName = Release;
		};
/* End XCConfigurationList section */
	};
	rootObject = 18EBE7EC1F1E8EDC00C57088 /* Project object */;
}
